{
  "object": {
    "pins": [
      {
        "package": "XCTest_Gherkin",
        "repositoryURL": "https://github.com/net-a-porter-mobile/XCTest-Gherkin",
        "state": {
          "branch": null,
          "revision": "877b7b1be8bc476ecc402b4aa45a0fb67d03350c",
          "version": "0.21.2"
        }
      }
    ]
  },
  "version": 1
}
